
Microsoft Visual Studio Solution File, Format Version 12.00
# Visual Studio Version 17
VisualStudioVersion = 17.14.36811.4
MinimumVisualStudioVersion = 10.0.40219.1
Project("{2150E333-8FDC-42A3-9474-1A3956D46DE8}") = "Core", "Core", "{02EA681E-C7D8-13C7-8484-4AC65E1B71E8}"
EndProject
Project("{2150E333-8FDC-42A3-9474-1A3956D46DE8}") = "Infrastructure", "Infrastructure", "{8CD01127-FE70-4AD8-9A18-E537A5512693}"
EndProject
Project("{2150E333-8FDC-42A3-9474-1A3956D46DE8}") = "Presentation", "Presentation", "{5353B394-781A-461B-9C09-55DE34EA8427}"
EndProject
Project("{FAE04EC0-301F-11D3-BF4B-00C04F79EFBC}") = "YoutubeApi.Domain", "Core\YoutubeApi.Domain\YoutubeApi.Domain.csproj", "{E373ED8A-0D56-43C5-9840-FBE695BE74A5}"
EndProject
Project("{FAE04EC0-301F-11D3-BF4B-00C04F79EFBC}") = "YoutubeApi.Infrastructure", "Infrastructure\YoutubeApi.Infrastructure\YoutubeApi.Infrastructure.csproj", "{610208EB-B400-4652-9766-71AC0FFB5A9D}"
EndProject
Project("{FAE04EC0-301F-11D3-BF4B-00C04F79EFBC}") = "YoutubeApi.Persistence", "Infrastructure\YoutubeApi.Persistence\YoutubeApi.Persistence.csproj", "{44330BE7-8B13-418B-87F8-6BC1B24C9F2E}"
EndProject
Project("{FAE04EC0-301F-11D3-BF4B-00C04F79EFBC}") = "YoutubeApi.Api", "Presentation\YoutubeApi.Api\YoutubeApi.Api.csproj", "{6487B57A-2CB2-4FEC-A9D5-9073681D26B5}"
EndProject
Project("{FAE04EC0-301F-11D3-BF4B-00C04F79EFBC}") = "YoutubeApi.Application", "YoutubeApi.Application\YoutubeApi.Application.csproj", "{474185D2-2ADC-47BD-94A8-5F448C3EA208}"
EndProject
Project("{FAE04EC0-301F-11D3-BF4B-00C04F79EFBC}") = "YoutubeApi.Mapper", "YoutubeApi.Mapper\YoutubeApi.Mapper.csproj", "{1A0F8537-81DF-457A-BB80-D81B6A8AF34F}"
EndProject
Global
	GlobalSection(SolutionConfigurationPlatforms) = preSolution
		Debug|Any CPU = Debug|Any CPU
		Release|Any CPU = Release|Any CPU
	EndGlobalSection
	GlobalSection(ProjectConfigurationPlatforms) = postSolution
		{E373ED8A-0D56-43C5-9840-FBE695BE74A5}.Debug|Any CPU.ActiveCfg = Debug|Any CPU
		{E373ED8A-0D56-43C5-9840-FBE695BE74A5}.Debug|Any CPU.Build.0 = Debug|Any CPU
		{E373ED8A-0D56-43C5-9840-FBE695BE74A5}.Release|Any CPU.ActiveCfg = Release|Any CPU
		{E373ED8A-0D56-43C5-9840-FBE695BE74A5}.Release|Any CPU.Build.0 = Release|Any CPU
		{610208EB-B400-4652-9766-71AC0FFB5A9D}.Debug|Any CPU.ActiveCfg = Debug|Any CPU
		{610208EB-B400-4652-9766-71AC0FFB5A9D}.Debug|Any CPU.Build.0 = Debug|Any CPU
		{610208EB-B400-4652-9766-71AC0FFB5A9D}.Release|Any CPU.ActiveCfg = Release|Any CPU
		{610208EB-B400-4652-9766-71AC0FFB5A9D}.Release|Any CPU.Build.0 = Release|Any CPU
		{44330BE7-8B13-418B-87F8-6BC1B24C9F2E}.Debug|Any CPU.ActiveCfg = Debug|Any CPU
		{44330BE7-8B13-418B-87F8-6BC1B24C9F2E}.Debug|Any CPU.Build.0 = Debug|Any CPU
		{44330BE7-8B13-418B-87F8-6BC1B24C9F2E}.Release|Any CPU.ActiveCfg = Release|Any CPU
		{44330BE7-8B13-418B-87F8-6BC1B24C9F2E}.Release|Any CPU.Build.0 = Release|Any CPU
		{6487B57A-2CB2-4FEC-A9D5-9073681D26B5}.Debug|Any CPU.ActiveCfg = Debug|Any CPU
		{6487B57A-2CB2-4FEC-A9D5-9073681D26B5}.Debug|Any CPU.Build.0 = Debug|Any CPU
		{6487B57A-2CB2-4FEC-A9D5-9073681D26B5}.Release|Any CPU.ActiveCfg = Release|Any CPU
		{6487B57A-2CB2-4FEC-A9D5-9073681D26B5}.Release|Any CPU.Build.0 = Release|Any CPU
		{474185D2-2ADC-47BD-94A8-5F448C3EA208}.Debug|Any CPU.ActiveCfg = Debug|Any CPU
		{474185D2-2ADC-47BD-94A8-5F448C3EA208}.Debug|Any CPU.Build.0 = Debug|Any CPU
		{474185D2-2ADC-47BD-94A8-5F448C3EA208}.Release|Any CPU.ActiveCfg = Release|Any CPU
		{474185D2-2ADC-47BD-94A8-5F448C3EA208}.Release|Any CPU.Build.0 = Release|Any CPU
		{1A0F8537-81DF-457A-BB80-D81B6A8AF34F}.Debug|Any CPU.ActiveCfg = Debug|Any CPU
		{1A0F8537-81DF-457A-BB80-D81B6A8AF34F}.Debug|Any CPU.Build.0 = Debug|Any CPU
		{1A0F8537-81DF-457A-BB80-D81B6A8AF34F}.Release|Any CPU.ActiveCfg = Release|Any CPU
		{1A0F8537-81DF-457A-BB80-D81B6A8AF34F}.Release|Any CPU.Build.0 = Release|Any CPU
	EndGlobalSection
	GlobalSection(SolutionProperties) = preSolution
		HideSolutionNode = FALSE
	EndGlobalSection
	GlobalSection(NestedProjects) = preSolution
		{E373ED8A-0D56-43C5-9840-FBE695BE74A5} = {02EA681E-C7D8-13C7-8484-4AC65E1B71E8}
		{610208EB-B400-4652-9766-71AC0FFB5A9D} = {8CD01127-FE70-4AD8-9A18-E537A5512693}
		{44330BE7-8B13-418B-87F8-6BC1B24C9F2E} = {8CD01127-FE70-4AD8-9A18-E537A5512693}
		{6487B57A-2CB2-4FEC-A9D5-9073681D26B5} = {5353B394-781A-461B-9C09-55DE34EA8427}
		{474185D2-2ADC-47BD-94A8-5F448C3EA208} = {02EA681E-C7D8-13C7-8484-4AC65E1B71E8}
		{1A0F8537-81DF-457A-BB80-D81B6A8AF34F} = {02EA681E-C7D8-13C7-8484-4AC65E1B71E8}
	EndGlobalSection
	GlobalSection(ExtensibilityGlobals) = postSolution
		SolutionGuid = {4038C00C-32A2-4EF8-83FC-FF032A629325}
	EndGlobalSection
EndGlobal
